
Microsoft Visual Studio Solution File, Format Version 12.00
# Visual Studio Version 17
VisualStudioVersion = 17.10.35013.160
MinimumVisualStudioVersion = 10.0.40219.1
Project("{FAE04EC0-301F-11D3-BF4B-00C04F79EFBC}") = "CorridaComApostas", "CorridaComApostas\CorridaComApostas.csproj", "{B78248EF-8C0D-4B81-A965-2D6A3A37D345}"
EndProject
Global
	GlobalSection(SolutionConfigurationPlatforms) = preSolution
		Debug|Any CPU = Debug|Any CPU
		Release|Any CPU = Release|Any CPU
	EndGlobalSection
	GlobalSection(ProjectConfigurationPlatforms) = postSolution
		{B78248EF-8C0D-4B81-A965-2D6A3A37D345}.Debug|Any CPU.ActiveCfg = Debug|Any CPU
		{B78248EF-8C0D-4B81-A965-2D6A3A37D345}.Debug|Any CPU.Build.0 = Debug|Any CPU
		{B78248EF-8C0D-4B81-A965-2D6A3A37D345}.Release|Any CPU.ActiveCfg = Release|Any CPU
		{B78248EF-8C0D-4B81-A965-2D6A3A37D345}.Release|Any CPU.Build.0 = Release|Any CPU
	EndGlobalSection
	GlobalSection(SolutionProperties) = preSolution
		HideSolutionNode = FALSE
	EndGlobalSection
	GlobalSection(ExtensibilityGlobals) = postSolution
		SolutionGuid = {F2935EE6-714B-433F-9334-C3FA593231C1}
	EndGlobalSection
EndGlobal
